
Microsoft Visual Studio Solution File, Format Version 12.00
# Visual Studio Version 17
VisualStudioVersion = 17.10.35004.147
MinimumVisualStudioVersion = 10.0.40219.1
Project("{FAE04EC0-301F-11D3-BF4B-00C04F79EFBC}") = "WindowsFormsApp1", "WindowsFormsApp1\WindowsFormsApp1.csproj", "{D00DFEEC-616F-429C-9969-43B3922E16BE}"
EndProject
Global
	GlobalSection(SolutionConfigurationPlatforms) = preSolution
		Debug|Any CPU = Debug|Any CPU
		Release|Any CPU = Release|Any CPU
	EndGlobalSection
	GlobalSection(ProjectConfigurationPlatforms) = postSolution
		{D00DFEEC-616F-429C-9969-43B3922E16BE}.Debug|Any CPU.ActiveCfg = Debug|Any CPU
		{D00DFEEC-616F-429C-9969-43B3922E16BE}.Debug|Any CPU.Build.0 = Debug|Any CPU
		{D00DFEEC-616F-429C-9969-43B3922E16BE}.Release|Any CPU.ActiveCfg = Release|Any CPU
		{D00DFEEC-616F-429C-9969-43B3922E16BE}.Release|Any CPU.Build.0 = Release|Any CPU
	EndGlobalSection
	GlobalSection(SolutionProperties) = preSolution
		HideSolutionNode = FALSE
	EndGlobalSection
	GlobalSection(ExtensibilityGlobals) = postSolution
		SolutionGuid = {F3AE73AB-6E8F-4545-B8E9-E5D86E0441E4}
	EndGlobalSection
EndGlobal
